{
  "originHash" : "23fedd0e0b282598971451bd0636fdbb9f83eeb0655e91da55c0f8aa6d440a18",
  "pins" : [
    {
      "identity" : "swift-syntax",
      "kind" : "remoteSourceControl",
      "location" : "https://github.com/swiftlang/swift-syntax.git",
      "state" : {
        "revision" : "2b59c0c741e9184ab057fd22950b491076d42e91",
        "version" : "603.0.0"
      }
    }
  ],
  "version" : 3
}
