{
  "originHash" : "f23d046e4b58c301b018ef2d24f2215131a285bfef1be7da4200f38a59c71c23",
  "pins" : [
    {
      "identity" : "codablekit",
      "kind" : "remoteSourceControl",
      "location" : "https://github.com/WendellXY/CodableKit.git",
      "state" : {
        "revision" : "c5e27313eec6183fcb24b9090df36e3b4f44a3e1",
        "version" : "2.1.3"
      }
    },
    {
      "identity" : "swift-syntax",
      "kind" : "remoteSourceControl",
      "location" : "https://github.com/swiftlang/swift-syntax.git",
      "state" : {
        "revision" : "2b59c0c741e9184ab057fd22950b491076d42e91",
        "version" : "603.0.0"
      }
    }
  ],
  "version" : 3
}
